
Microsoft Visual Studio Solution File, Format Version 12.00
# Visual Studio Version 17
VisualStudioVersion = 17.11.35222.181
MinimumVisualStudioVersion = 10.0.40219.1
Project("{8BC9CEB8-8B4A-11D0-8D11-00A0C91BC942}") = "Assignment2_Woodruff", "Assignment2_Woodruff.vcxproj", "{F0317589-5A4B-45B4-B4E0-89F14B08D9FE}"
EndProject
Global
	GlobalSection(SolutionConfigurationPlatforms) = preSolution
		Debug|x64 = Debug|x64
		Debug|x86 = Debug|x86
		Release|x64 = Release|x64
		Release|x86 = Release|x86
	EndGlobalSection
	GlobalSection(ProjectConfigurationPlatforms) = postSolution
		{F0317589-5A4B-45B4-B4E0-89F14B08D9FE}.Debug|x64.ActiveCfg = Debug|x64
		{F0317589-5A4B-45B4-B4E0-89F14B08D9FE}.Debug|x64.Build.0 = Debug|x64
		{F0317589-5A4B-45B4-B4E0-89F14B08D9FE}.Debug|x86.ActiveCfg = Debug|Win32
		{F0317589-5A4B-45B4-B4E0-89F14B08D9FE}.Debug|x86.Build.0 = Debug|Win32
		{F0317589-5A4B-45B4-B4E0-89F14B08D9FE}.Release|x64.ActiveCfg = Release|x64
		{F0317589-5A4B-45B4-B4E0-89F14B08D9FE}.Release|x64.Build.0 = Release|x64
		{F0317589-5A4B-45B4-B4E0-89F14B08D9FE}.Release|x86.ActiveCfg = Release|Win32
		{F0317589-5A4B-45B4-B4E0-89F14B08D9FE}.Release|x86.Build.0 = Release|Win32
	EndGlobalSection
	GlobalSection(SolutionProperties) = preSolution
		HideSolutionNode = FALSE
	EndGlobalSection
	GlobalSection(ExtensibilityGlobals) = postSolution
		SolutionGuid = {44F7FAA9-E84D-489A-9AC7-20CE353EFD47}
	EndGlobalSection
EndGlobal
